
Microsoft Visual Studio Solution File, Format Version 12.00
# Visual Studio Version 16
VisualStudioVersion = 16.0.31424.327
MinimumVisualStudioVersion = 10.0.40219.1
Project("{FAE04EC0-301F-11D3-BF4B-00C04F79EFBC}") = "PolyMorphismSubmission", "PolyMorphismSubmission.csproj", "{30C30E04-024A-49EE-A34C-A9B15F123392}"
EndProject
Global
	GlobalSection(SolutionConfigurationPlatforms) = preSolution
		Debug|Any CPU = Debug|Any CPU
		Release|Any CPU = Release|Any CPU
	EndGlobalSection
	GlobalSection(ProjectConfigurationPlatforms) = postSolution
		{30C30E04-024A-49EE-A34C-A9B15F123392}.Debug|Any CPU.ActiveCfg = Debug|Any CPU
		{30C30E04-024A-49EE-A34C-A9B15F123392}.Debug|Any CPU.Build.0 = Debug|Any CPU
		{30C30E04-024A-49EE-A34C-A9B15F123392}.Release|Any CPU.ActiveCfg = Release|Any CPU
		{30C30E04-024A-49EE-A34C-A9B15F123392}.Release|Any CPU.Build.0 = Release|Any CPU
	EndGlobalSection
	GlobalSection(SolutionProperties) = preSolution
		HideSolutionNode = FALSE
	EndGlobalSection
	GlobalSection(ExtensibilityGlobals) = postSolution
		SolutionGuid = {27AD444F-5356-4FE4-98C5-C7439E1D9E30}
	EndGlobalSection
EndGlobal
