
Microsoft Visual Studio Solution File, Format Version 12.00
# Visual Studio Version 16
VisualStudioVersion = 16.0.31424.327
MinimumVisualStudioVersion = 10.0.40219.1
Project("{FAE04EC0-301F-11D3-BF4B-00C04F79EFBC}") = "InputAssignment", "InputAssignment.csproj", "{84C55FB1-79D6-47BA-B0AD-3ED4D3219171}"
EndProject
Global
	GlobalSection(SolutionConfigurationPlatforms) = preSolution
		Debug|Any CPU = Debug|Any CPU
		Release|Any CPU = Release|Any CPU
	EndGlobalSection
	GlobalSection(ProjectConfigurationPlatforms) = postSolution
		{84C55FB1-79D6-47BA-B0AD-3ED4D3219171}.Debug|Any CPU.ActiveCfg = Debug|Any CPU
		{84C55FB1-79D6-47BA-B0AD-3ED4D3219171}.Debug|Any CPU.Build.0 = Debug|Any CPU
		{84C55FB1-79D6-47BA-B0AD-3ED4D3219171}.Release|Any CPU.ActiveCfg = Release|Any CPU
		{84C55FB1-79D6-47BA-B0AD-3ED4D3219171}.Release|Any CPU.Build.0 = Release|Any CPU
	EndGlobalSection
	GlobalSection(SolutionProperties) = preSolution
		HideSolutionNode = FALSE
	EndGlobalSection
	GlobalSection(ExtensibilityGlobals) = postSolution
		SolutionGuid = {351062AF-12D5-44C9-8921-7A77372979B1}
	EndGlobalSection
EndGlobal
