
Microsoft Visual Studio Solution File, Format Version 12.00
# Visual Studio Version 16
VisualStudioVersion = 16.0.30717.126
MinimumVisualStudioVersion = 10.0.40219.1
Project("{FAE04EC0-301F-11D3-BF4B-00C04F79EFBC}") = "WhileDoWhileSubmissionAssignment", "WhileDoWhileSubmissionAssignment\WhileDoWhileSubmissionAssignment.csproj", "{0104295F-8698-4E6B-8B9F-15B352529239}"
EndProject
Global
	GlobalSection(SolutionConfigurationPlatforms) = preSolution
		Debug|Any CPU = Debug|Any CPU
		Release|Any CPU = Release|Any CPU
	EndGlobalSection
	GlobalSection(ProjectConfigurationPlatforms) = postSolution
		{0104295F-8698-4E6B-8B9F-15B352529239}.Debug|Any CPU.ActiveCfg = Debug|Any CPU
		{0104295F-8698-4E6B-8B9F-15B352529239}.Debug|Any CPU.Build.0 = Debug|Any CPU
		{0104295F-8698-4E6B-8B9F-15B352529239}.Release|Any CPU.ActiveCfg = Release|Any CPU
		{0104295F-8698-4E6B-8B9F-15B352529239}.Release|Any CPU.Build.0 = Release|Any CPU
	EndGlobalSection
	GlobalSection(SolutionProperties) = preSolution
		HideSolutionNode = FALSE
	EndGlobalSection
	GlobalSection(ExtensibilityGlobals) = postSolution
		SolutionGuid = {A594F657-C8F7-45B3-8CA7-4131F224AF0C}
	EndGlobalSection
EndGlobal
