
Microsoft Visual Studio Solution File, Format Version 12.00
# Visual Studio Version 16
VisualStudioVersion = 16.0.30717.126
MinimumVisualStudioVersion = 10.0.40219.1
Project("{FAE04EC0-301F-11D3-BF4B-00C04F79EFBC}") = "MathComparisonOperatorAssignment", "MathComparisonOperatorAssignment\MathComparisonOperatorAssignment.csproj", "{B61B7BFE-256A-4EBE-936B-7B700920EAE4}"
EndProject
Global
	GlobalSection(SolutionConfigurationPlatforms) = preSolution
		Debug|Any CPU = Debug|Any CPU
		Release|Any CPU = Release|Any CPU
	EndGlobalSection
	GlobalSection(ProjectConfigurationPlatforms) = postSolution
		{B61B7BFE-256A-4EBE-936B-7B700920EAE4}.Debug|Any CPU.ActiveCfg = Debug|Any CPU
		{B61B7BFE-256A-4EBE-936B-7B700920EAE4}.Debug|Any CPU.Build.0 = Debug|Any CPU
		{B61B7BFE-256A-4EBE-936B-7B700920EAE4}.Release|Any CPU.ActiveCfg = Release|Any CPU
		{B61B7BFE-256A-4EBE-936B-7B700920EAE4}.Release|Any CPU.Build.0 = Release|Any CPU
	EndGlobalSection
	GlobalSection(SolutionProperties) = preSolution
		HideSolutionNode = FALSE
	EndGlobalSection
	GlobalSection(ExtensibilityGlobals) = postSolution
		SolutionGuid = {B32F3AA6-76AA-4B85-A18D-1AF52F891F98}
	EndGlobalSection
EndGlobal
