
Microsoft Visual Studio Solution File, Format Version 12.00
# Visual Studio Version 16
VisualStudioVersion = 16.0.31424.327
MinimumVisualStudioVersion = 10.0.40219.1
Project("{FAE04EC0-301F-11D3-BF4B-00C04F79EFBC}") = "DailyReportSubmissionAssignment", "DailyReportSubmissionAssignment.csproj", "{B2EE2664-113E-4252-A5B9-3B69A134432E}"
EndProject
Global
	GlobalSection(SolutionConfigurationPlatforms) = preSolution
		Debug|Any CPU = Debug|Any CPU
		Release|Any CPU = Release|Any CPU
	EndGlobalSection
	GlobalSection(ProjectConfigurationPlatforms) = postSolution
		{B2EE2664-113E-4252-A5B9-3B69A134432E}.Debug|Any CPU.ActiveCfg = Debug|Any CPU
		{B2EE2664-113E-4252-A5B9-3B69A134432E}.Debug|Any CPU.Build.0 = Debug|Any CPU
		{B2EE2664-113E-4252-A5B9-3B69A134432E}.Release|Any CPU.ActiveCfg = Release|Any CPU
		{B2EE2664-113E-4252-A5B9-3B69A134432E}.Release|Any CPU.Build.0 = Release|Any CPU
	EndGlobalSection
	GlobalSection(SolutionProperties) = preSolution
		HideSolutionNode = FALSE
	EndGlobalSection
	GlobalSection(ExtensibilityGlobals) = postSolution
		SolutionGuid = {3B9E8B45-295B-43A7-B510-99585BA6F530}
	EndGlobalSection
EndGlobal
