
Microsoft Visual Studio Solution File, Format Version 12.00
# Visual Studio Version 16
VisualStudioVersion = 16.0.31424.327
MinimumVisualStudioVersion = 10.0.40219.1
Project("{FAE04EC0-301F-11D3-BF4B-00C04F79EFBC}") = "WebFormApplication", "WebFormApplication.csproj", "{298B5CF3-0222-4EEE-BA6B-8638BA6087BA}"
EndProject
Global
	GlobalSection(SolutionConfigurationPlatforms) = preSolution
		Debug|Any CPU = Debug|Any CPU
		Release|Any CPU = Release|Any CPU
	EndGlobalSection
	GlobalSection(ProjectConfigurationPlatforms) = postSolution
		{298B5CF3-0222-4EEE-BA6B-8638BA6087BA}.Debug|Any CPU.ActiveCfg = Debug|Any CPU
		{298B5CF3-0222-4EEE-BA6B-8638BA6087BA}.Debug|Any CPU.Build.0 = Debug|Any CPU
		{298B5CF3-0222-4EEE-BA6B-8638BA6087BA}.Release|Any CPU.ActiveCfg = Release|Any CPU
		{298B5CF3-0222-4EEE-BA6B-8638BA6087BA}.Release|Any CPU.Build.0 = Release|Any CPU
	EndGlobalSection
	GlobalSection(SolutionProperties) = preSolution
		HideSolutionNode = FALSE
	EndGlobalSection
	GlobalSection(ExtensibilityGlobals) = postSolution
		SolutionGuid = {4BDB0A62-FBC7-4C17-AAB8-9D5375663AD8}
	EndGlobalSection
EndGlobal
