
Microsoft Visual Studio Solution File, Format Version 12.00
# Visual Studio Version 16
VisualStudioVersion = 16.0.31424.327
MinimumVisualStudioVersion = 10.0.40219.1
Project("{FAE04EC0-301F-11D3-BF4B-00C04F79EFBC}") = "Scores", "Scores.csproj", "{8338DE85-B2A1-4456-B973-95DD070D0D04}"
EndProject
Global
	GlobalSection(SolutionConfigurationPlatforms) = preSolution
		Debug|Any CPU = Debug|Any CPU
		Release|Any CPU = Release|Any CPU
	EndGlobalSection
	GlobalSection(ProjectConfigurationPlatforms) = postSolution
		{8338DE85-B2A1-4456-B973-95DD070D0D04}.Debug|Any CPU.ActiveCfg = Debug|Any CPU
		{8338DE85-B2A1-4456-B973-95DD070D0D04}.Debug|Any CPU.Build.0 = Debug|Any CPU
		{8338DE85-B2A1-4456-B973-95DD070D0D04}.Release|Any CPU.ActiveCfg = Release|Any CPU
		{8338DE85-B2A1-4456-B973-95DD070D0D04}.Release|Any CPU.Build.0 = Release|Any CPU
	EndGlobalSection
	GlobalSection(SolutionProperties) = preSolution
		HideSolutionNode = FALSE
	EndGlobalSection
	GlobalSection(ExtensibilityGlobals) = postSolution
		SolutionGuid = {FAA9AAA7-AE18-41B1-8CEF-1696385D0128}
	EndGlobalSection
EndGlobal
