
Microsoft Visual Studio Solution File, Format Version 12.00
Project("{FAE04EC0-301F-11D3-BF4B-00C04F79EFBC}") = "GreetingApp", "GreetingApp\GreetingApp.csproj", "{59E3F443-E7A0-4FCC-9F05-0C83182378E4}"
EndProject
Global
	GlobalSection(SolutionConfigurationPlatforms) = preSolution
		Debug|Any CPU = Debug|Any CPU
		Release|Any CPU = Release|Any CPU
	EndGlobalSection
	GlobalSection(ProjectConfigurationPlatforms) = postSolution
		{59E3F443-E7A0-4FCC-9F05-0C83182378E4}.Debug|Any CPU.ActiveCfg = Debug|Any CPU
		{59E3F443-E7A0-4FCC-9F05-0C83182378E4}.Debug|Any CPU.Build.0 = Debug|Any CPU
		{59E3F443-E7A0-4FCC-9F05-0C83182378E4}.Release|Any CPU.ActiveCfg = Release|Any CPU
		{59E3F443-E7A0-4FCC-9F05-0C83182378E4}.Release|Any CPU.Build.0 = Release|Any CPU
	EndGlobalSection
EndGlobal
