
Microsoft Visual Studio Solution File, Format Version 12.00
# Visual Studio Version 16
VisualStudioVersion = 16.0.31424.327
MinimumVisualStudioVersion = 10.0.40219.1
Project("{FAE04EC0-301F-11D3-BF4B-00C04F79EFBC}") = "DateTimeAssignment", "DateTimeAssignment.csproj", "{68E987F9-8FBB-47C7-9E89-7F08CF0C9261}"
EndProject
Global
	GlobalSection(SolutionConfigurationPlatforms) = preSolution
		Debug|Any CPU = Debug|Any CPU
		Release|Any CPU = Release|Any CPU
	EndGlobalSection
	GlobalSection(ProjectConfigurationPlatforms) = postSolution
		{68E987F9-8FBB-47C7-9E89-7F08CF0C9261}.Debug|Any CPU.ActiveCfg = Debug|Any CPU
		{68E987F9-8FBB-47C7-9E89-7F08CF0C9261}.Debug|Any CPU.Build.0 = Debug|Any CPU
		{68E987F9-8FBB-47C7-9E89-7F08CF0C9261}.Release|Any CPU.ActiveCfg = Release|Any CPU
		{68E987F9-8FBB-47C7-9E89-7F08CF0C9261}.Release|Any CPU.Build.0 = Release|Any CPU
	EndGlobalSection
	GlobalSection(SolutionProperties) = preSolution
		HideSolutionNode = FALSE
	EndGlobalSection
	GlobalSection(ExtensibilityGlobals) = postSolution
		SolutionGuid = {AE1A867D-58C3-41A7-B368-E3ED8224A0E0}
	EndGlobalSection
EndGlobal
