
Microsoft Visual Studio Solution File, Format Version 12.00
# Visual Studio Version 16
VisualStudioVersion = 16.0.31424.327
MinimumVisualStudioVersion = 10.0.40219.1
Project("{FAE04EC0-301F-11D3-BF4B-00C04F79EFBC}") = "ConstructorAssignment", "ConstructorAssignment.csproj", "{8E461721-394E-48FC-B14F-46A64D035F72}"
EndProject
Global
	GlobalSection(SolutionConfigurationPlatforms) = preSolution
		Debug|Any CPU = Debug|Any CPU
		Release|Any CPU = Release|Any CPU
	EndGlobalSection
	GlobalSection(ProjectConfigurationPlatforms) = postSolution
		{8E461721-394E-48FC-B14F-46A64D035F72}.Debug|Any CPU.ActiveCfg = Debug|Any CPU
		{8E461721-394E-48FC-B14F-46A64D035F72}.Debug|Any CPU.Build.0 = Debug|Any CPU
		{8E461721-394E-48FC-B14F-46A64D035F72}.Release|Any CPU.ActiveCfg = Release|Any CPU
		{8E461721-394E-48FC-B14F-46A64D035F72}.Release|Any CPU.Build.0 = Release|Any CPU
	EndGlobalSection
	GlobalSection(SolutionProperties) = preSolution
		HideSolutionNode = FALSE
	EndGlobalSection
	GlobalSection(ExtensibilityGlobals) = postSolution
		SolutionGuid = {B30E399B-FFEF-4286-A223-4280AB807145}
	EndGlobalSection
EndGlobal
