
Microsoft Visual Studio Solution File, Format Version 12.00
# Visual Studio Version 16
VisualStudioVersion = 16.0.31424.327
MinimumVisualStudioVersion = 10.0.40219.1
Project("{FAE04EC0-301F-11D3-BF4B-00C04F79EFBC}") = "VariablesAndDataTypes", "VariablesAndDataTypes.csproj", "{E940E1D0-A8D2-44C8-9181-C951014EAE4A}"
EndProject
Global
	GlobalSection(SolutionConfigurationPlatforms) = preSolution
		Debug|Any CPU = Debug|Any CPU
		Release|Any CPU = Release|Any CPU
	EndGlobalSection
	GlobalSection(ProjectConfigurationPlatforms) = postSolution
		{E940E1D0-A8D2-44C8-9181-C951014EAE4A}.Debug|Any CPU.ActiveCfg = Debug|Any CPU
		{E940E1D0-A8D2-44C8-9181-C951014EAE4A}.Debug|Any CPU.Build.0 = Debug|Any CPU
		{E940E1D0-A8D2-44C8-9181-C951014EAE4A}.Release|Any CPU.ActiveCfg = Release|Any CPU
		{E940E1D0-A8D2-44C8-9181-C951014EAE4A}.Release|Any CPU.Build.0 = Release|Any CPU
	EndGlobalSection
	GlobalSection(SolutionProperties) = preSolution
		HideSolutionNode = FALSE
	EndGlobalSection
	GlobalSection(ExtensibilityGlobals) = postSolution
		SolutionGuid = {7A57F655-9366-4501-896D-D48B43175FB7}
	EndGlobalSection
EndGlobal
