
Microsoft Visual Studio Solution File, Format Version 12.00
# Visual Studio Version 16
VisualStudioVersion = 16.0.31515.178
MinimumVisualStudioVersion = 10.0.40219.1
Project("{FAE04EC0-301F-11D3-BF4B-00C04F79EFBC}") = "NewsletterAppMVC", "NewsletterAppMVC.csproj", "{4E8A5024-BAC0-4F88-B435-013770777269}"
EndProject
Global
	GlobalSection(SolutionConfigurationPlatforms) = preSolution
		Debug|Any CPU = Debug|Any CPU
		Release|Any CPU = Release|Any CPU
	EndGlobalSection
	GlobalSection(ProjectConfigurationPlatforms) = postSolution
		{4E8A5024-BAC0-4F88-B435-013770777269}.Debug|Any CPU.ActiveCfg = Debug|Any CPU
		{4E8A5024-BAC0-4F88-B435-013770777269}.Debug|Any CPU.Build.0 = Debug|Any CPU
		{4E8A5024-BAC0-4F88-B435-013770777269}.Release|Any CPU.ActiveCfg = Release|Any CPU
		{4E8A5024-BAC0-4F88-B435-013770777269}.Release|Any CPU.Build.0 = Release|Any CPU
	EndGlobalSection
	GlobalSection(SolutionProperties) = preSolution
		HideSolutionNode = FALSE
	EndGlobalSection
	GlobalSection(ExtensibilityGlobals) = postSolution
		SolutionGuid = {54BBA99B-755D-400C-9E7E-1FC608D9E65A}
	EndGlobalSection
EndGlobal
